
Microsoft Visual Studio Solution File, Format Version 12.00
# Visual Studio Version 16
VisualStudioVersion = 16.0.30114.105
MinimumVisualStudioVersion = 10.0.40219.1
Project("{FAE04EC0-301F-11D3-BF4B-00C04F79EFBC}") = "Avaliacao.Dominio", "Avaliacao.Dominio\Avaliacao.Dominio.csproj", "{D7EFF9A3-BC72-4BF7-B3AE-CBFAEFE4856A}"
EndProject
Project("{FAE04EC0-301F-11D3-BF4B-00C04F79EFBC}") = "Avaliacao.Aplicacao", "Avaliacao.Aplicacao\Avaliacao.Aplicacao.csproj", "{CC37866B-22C7-43A2-B8D0-695414F55718}"
EndProject
Project("{FAE04EC0-301F-11D3-BF4B-00C04F79EFBC}") = "Avaliacao.Web", "Avaliacao.Web\Avaliacao.Web.csproj", "{7F220ED6-526E-4E31-95AB-94428898E265}"
EndProject
Global
	GlobalSection(SolutionConfigurationPlatforms) = preSolution
		Debug|Any CPU = Debug|Any CPU
		Release|Any CPU = Release|Any CPU
	EndGlobalSection
	GlobalSection(ProjectConfigurationPlatforms) = postSolution
		{D7EFF9A3-BC72-4BF7-B3AE-CBFAEFE4856A}.Debug|Any CPU.ActiveCfg = Debug|Any CPU
		{D7EFF9A3-BC72-4BF7-B3AE-CBFAEFE4856A}.Debug|Any CPU.Build.0 = Debug|Any CPU
		{D7EFF9A3-BC72-4BF7-B3AE-CBFAEFE4856A}.Release|Any CPU.ActiveCfg = Release|Any CPU
		{D7EFF9A3-BC72-4BF7-B3AE-CBFAEFE4856A}.Release|Any CPU.Build.0 = Release|Any CPU
		{CC37866B-22C7-43A2-B8D0-695414F55718}.Debug|Any CPU.ActiveCfg = Debug|Any CPU
		{CC37866B-22C7-43A2-B8D0-695414F55718}.Debug|Any CPU.Build.0 = Debug|Any CPU
		{CC37866B-22C7-43A2-B8D0-695414F55718}.Release|Any CPU.ActiveCfg = Release|Any CPU
		{CC37866B-22C7-43A2-B8D0-695414F55718}.Release|Any CPU.Build.0 = Release|Any CPU
		{7F220ED6-526E-4E31-95AB-94428898E265}.Debug|Any CPU.ActiveCfg = Debug|Any CPU
		{7F220ED6-526E-4E31-95AB-94428898E265}.Debug|Any CPU.Build.0 = Debug|Any CPU
		{7F220ED6-526E-4E31-95AB-94428898E265}.Release|Any CPU.ActiveCfg = Release|Any CPU
		{7F220ED6-526E-4E31-95AB-94428898E265}.Release|Any CPU.Build.0 = Release|Any CPU
	EndGlobalSection
	GlobalSection(SolutionProperties) = preSolution
		HideSolutionNode = FALSE
	EndGlobalSection
	GlobalSection(ExtensibilityGlobals) = postSolution
		SolutionGuid = {2BB1B25C-4A12-476B-92ED-5FB64EB4A8AA}
	EndGlobalSection
EndGlobal
